{
  "name": "osm-dati-ipla",
  "version": "1.0.0",
  "lockfileVersion": 1,
  "requires": true,
  "dependencies": {
    "@turf/centroid": {
      "version": "6.2.0",
      "resolved": "https://registry.npmjs.org/@turf/centroid/-/centroid-6.2.0.tgz",
      "integrity": "sha512-k21egD4s45pBDIsEAiEUSs23anwdyzIK+/jQvHq+mL+Fwn9Zntk6GEUtpoBZq92fs2NyCvjGKlB2LNdHWXZtAw==",
      "requires": {
        "@turf/helpers": "^6.2.0",
        "@turf/meta": "^6.2.0"
      }
    },
    "@turf/distance": {
      "version": "6.2.0",
      "resolved": "https://registry.npmjs.org/@turf/distance/-/distance-6.2.0.tgz",
      "integrity": "sha512-66vf6DI4KoWQMquyHA/0XCyO40A0nWSI+q9ATs+EAzpiBPxoxOjwKgo6EqAGNTFN6MzZ9dNq9GpgQTSTDzx+Hg==",
      "requires": {
        "@turf/helpers": "^6.2.0",
        "@turf/invariant": "^6.2.0"
      }
    },
    "@turf/helpers": {
      "version": "6.2.0",
      "resolved": "https://registry.npmjs.org/@turf/helpers/-/helpers-6.2.0.tgz",
      "integrity": "sha512-ANcZ0LFpnrza52y3um8KXgbpF1l7qmJXEqY1Bv5RovdQH+kUvMrZsb4SO3q4VH4eQqlsxDLxxXl7hkjjFbDtHg=="
    },
    "@turf/invariant": {
      "version": "6.2.0",
      "resolved": "https://registry.npmjs.org/@turf/invariant/-/invariant-6.2.0.tgz",
      "integrity": "sha512-kyhKp3rW1tDe78xFkgq9+zC6dkBJyvEwP4HNNculIXRyN4Xoo7GJECE1wPyujQppj3Lmu63GtE6B68coEZ0Gqw==",
      "requires": {
        "@turf/helpers": "^6.2.0"
      }
    },
    "@turf/length": {
      "version": "6.2.0",
      "resolved": "https://registry.npmjs.org/@turf/length/-/length-6.2.0.tgz",
      "integrity": "sha512-1YW14XZS7J3Ff/FB3cyMZcXN5GPjdr0n9GeRuNmrqspZPM+hc4SAS0g5b5BxHOWvybjOM+pzyOiOefNVUUq04w==",
      "requires": {
        "@turf/distance": "^6.2.0",
        "@turf/helpers": "^6.2.0",
        "@turf/meta": "^6.2.0"
      }
    },
    "@turf/meta": {
      "version": "6.2.0",
      "resolved": "https://registry.npmjs.org/@turf/meta/-/meta-6.2.0.tgz",
      "integrity": "sha512-8bM69hzRYKNfpZ+cyLxXZLw1IqCxm3cBcyEkVBHROFsQJb1o1Ghv2cd4iCSIuvkc1xSWD+qQvUjYr40XSNsyOQ==",
      "requires": {
        "@turf/helpers": "^6.2.0"
      }
    }
  }
}
